
Microsoft Visual Studio Solution File, Format Version 12.00
# Visual Studio Version 16
VisualStudioVersion = 16.0.30523.141
MinimumVisualStudioVersion = 10.0.40219.1
Project("{FAE04EC0-301F-11D3-BF4B-00C04F79EFBC}") = "CustomWindowResize", "CustomWindowResize\CustomWindowResize.csproj", "{AEF6792B-8512-44B8-A411-38F01750DD25}"
EndProject
Global
	GlobalSection(SolutionConfigurationPlatforms) = preSolution
		Debug|Any CPU = Debug|Any CPU
		Release|Any CPU = Release|Any CPU
	EndGlobalSection
	GlobalSection(ProjectConfigurationPlatforms) = postSolution
		{AEF6792B-8512-44B8-A411-38F01750DD25}.Debug|Any CPU.ActiveCfg = Debug|Any CPU
		{AEF6792B-8512-44B8-A411-38F01750DD25}.Debug|Any CPU.Build.0 = Debug|Any CPU
		{AEF6792B-8512-44B8-A411-38F01750DD25}.Release|Any CPU.ActiveCfg = Release|Any CPU
		{AEF6792B-8512-44B8-A411-38F01750DD25}.Release|Any CPU.Build.0 = Release|Any CPU
	EndGlobalSection
	GlobalSection(SolutionProperties) = preSolution
		HideSolutionNode = FALSE
	EndGlobalSection
	GlobalSection(ExtensibilityGlobals) = postSolution
		SolutionGuid = {4A2983C1-9E2E-4045-8FEB-28E083308B38}
	EndGlobalSection
EndGlobal
